
Microsoft Visual Studio Solution File, Format Version 12.00
# Visual Studio Version 16
VisualStudioVersion = 16.0.29519.87
MinimumVisualStudioVersion = 10.0.40219.1
Project("{FAE04EC0-301F-11D3-BF4B-00C04F79EFBC}") = "ReactiveCalculator", "ReactiveCalculator.csproj", "{C0747554-3AA7-4B66-AC34-FF463984DC1B}"
EndProject
Project("{FAE04EC0-301F-11D3-BF4B-00C04F79EFBC}") = "CalculatorFunctions", "CalculatorFunctions\CalculatorFunctions.csproj", "{0BB02C3D-4A9E-4957-B960-B6DC75BC51AE}"
EndProject
Global
	GlobalSection(SolutionConfigurationPlatforms) = preSolution
		Debug|Any CPU = Debug|Any CPU
		Debug|x64 = Debug|x64
		Release|Any CPU = Release|Any CPU
		Release|x64 = Release|x64
	EndGlobalSection
	GlobalSection(ProjectConfigurationPlatforms) = postSolution
		{C0747554-3AA7-4B66-AC34-FF463984DC1B}.Debug|Any CPU.ActiveCfg = Debug|Any CPU
		{C0747554-3AA7-4B66-AC34-FF463984DC1B}.Debug|Any CPU.Build.0 = Debug|Any CPU
		{C0747554-3AA7-4B66-AC34-FF463984DC1B}.Debug|x64.ActiveCfg = Debug|x64
		{C0747554-3AA7-4B66-AC34-FF463984DC1B}.Debug|x64.Build.0 = Debug|x64
		{C0747554-3AA7-4B66-AC34-FF463984DC1B}.Release|Any CPU.ActiveCfg = Release|Any CPU
		{C0747554-3AA7-4B66-AC34-FF463984DC1B}.Release|Any CPU.Build.0 = Release|Any CPU
		{C0747554-3AA7-4B66-AC34-FF463984DC1B}.Release|x64.ActiveCfg = Release|x64
		{C0747554-3AA7-4B66-AC34-FF463984DC1B}.Release|x64.Build.0 = Release|x64
		{0BB02C3D-4A9E-4957-B960-B6DC75BC51AE}.Debug|Any CPU.ActiveCfg = Debug|Any CPU
		{0BB02C3D-4A9E-4957-B960-B6DC75BC51AE}.Debug|Any CPU.Build.0 = Debug|Any CPU
		{0BB02C3D-4A9E-4957-B960-B6DC75BC51AE}.Debug|x64.ActiveCfg = Debug|Any CPU
		{0BB02C3D-4A9E-4957-B960-B6DC75BC51AE}.Debug|x64.Build.0 = Debug|Any CPU
		{0BB02C3D-4A9E-4957-B960-B6DC75BC51AE}.Release|Any CPU.ActiveCfg = Release|Any CPU
		{0BB02C3D-4A9E-4957-B960-B6DC75BC51AE}.Release|Any CPU.Build.0 = Release|Any CPU
		{0BB02C3D-4A9E-4957-B960-B6DC75BC51AE}.Release|x64.ActiveCfg = Release|Any CPU
		{0BB02C3D-4A9E-4957-B960-B6DC75BC51AE}.Release|x64.Build.0 = Release|Any CPU
	EndGlobalSection
	GlobalSection(SolutionProperties) = preSolution
		HideSolutionNode = FALSE
	EndGlobalSection
	GlobalSection(ExtensibilityGlobals) = postSolution
		SolutionGuid = {67AA2C5C-63DF-441D-9975-F282B92B8C6A}
	EndGlobalSection
EndGlobal
